fyne.io/fyne v1.4.3 h1:356CnXCiYrrfaLGsB7qLK3c6ktzyh8WR05v/2RBu51I=
fyne.io/fyne/v2 v2.5.5 h1:IhS8Vf1EtSHS94/i41D9Rh4s1rG1habkGN/oISA0kTU=
fyne.io/fyne/v2 v2.5.5/go.mod h1:0GOXKqyvNwk3DLmsFu9v0oYM0ZcD1ysGnlHCerKoAmo=
fyne.io/systray v1.11.0 h1:D9HISlxSkx+jHSniMBR6fCFOUjk1x/OOOJLa9lJYAKg=
fyne.io/systray v1.11.0/go.mod h1:RVwqP9nYMo7h5zViCBHri2FgjXF7H2cub7MAq4NSoLs=
github.com/BurntSushi/toml v1.5.0 h1:W5quZX/G/csjUnuI8SUYlsHs9M38FC7znL0lIO+DvMg=
github.com/BurntSushi/toml v1.5.0/go.mod h1:ukJfTF/6rtPPRCnwkur4qwRxa8vTRFBF0uk2lLoLwho=
github.com/DATA-DOG/go-sqlmock v1.3.3/go.mod h1:f/Ixk793poVmq4qj/V1dPUg2JEAKC73Q5eFN3EC/SaM=
github.com/adrg/xdg v0.5.3 h1:xRnxJXne7+oWDatRhR1JLnvuccuIeCoBu2rtuLqQB78=
github.com/adrg/xdg v0.5.3/go.mod h1:nlTsY+NNiCBGCK2tpm09vRqfVzrc2fLmXGpBLF0zlTQ=
github.com/chewxy/math32 v1.11.1 h1:b7PGHlp8KjylDoU8RrcEsRuGZhJuz8haxnKfuMMRqy8=
github.com/chewxy/math32 v1.11.1/go.mod h1:dOB2rcuFrCn6UHrze36WSLVPKtzPMRAQvBvUwkSsLqs=
github.com/creack/pty v1.1.9/go.mod h1:oKZEueFk5CKHvIhNR5MUki03XCEU+Q6VDXinZuGJ33E=
github.com/d4l3k/messagediff v1.2.2-0.20190829033028-7e0a312ae40b/go.mod h1:Oozbb1TVXFac9FtSIxHBMnBCq2qeH/2KkEQxENCrlLo=
github.com/davecgh/go-spew v1.1.1 h1:vj9j/u1bqnvCEfJOwUhtlOARqs3+rkHYY13jYWTU97c=
github.com/davecgh/go-spew v1.1.1/go.mod h1:J7Y8YcW2NihsgmVo/mv3lAwl/skON4iLHjSsI+c5H38=
github.com/dimchansky/utfbom v1.1.1 h1:vV6w1AhK4VMnhBno/TPVCoK9U/LP0PkLCS9tbxHdi/U=
github.com/dimchansky/utfbom v1.1.1/go.mod h1:SxdoEBH5qIqFocHMyGOXVAybYJdr71b1Q/j0mACtrfE=
github.com/drhodes/golorem v0.0.0-20220328165741-da82e5b29246 h1:m0+1paUpmLlBpUxldAEvJZVCrNQpt2iyecCw4TdHdOc=
github.com/drhodes/golorem v0.0.0-20220328165741-da82e5b29246/go.mod h1:NsKVpF4h4j13Vm6Cx7Kf0V03aJKjfaStvm5rvK4+FyQ=
github.com/faiface/beep v1.1.0 h1:A2gWP6xf5Rh7RG/p9/VAW2jRSDEGQm5sbOb38sf5d4c=
github.com/faiface/beep v1.1.0/go.mod h1:6I8p6kK2q4opL/eWb+kAkk38ehnTunWeToJB+s51sT4=
github.com/felixge/fgprof v0.9.3 h1:VvyZxILNuCiUCSXtPtYmmtGvb65nqXh2QFWc0Wpf2/g=
github.com/felixge/fgprof v0.9.3/go.mod h1:RdbpDgzqYVh/T9fPELJyV7EYJuHB55UTEULNun8eiPw=
github.com/fredbi/uri v1.1.0 h1:OqLpTXtyRg9ABReqvDGdJPqZUxs8cyBDOMXBbskCaB8=
github.com/fredbi/uri v1.1.0/go.mod h1:aYTUoAXBOq7BLfVJ8GnKmfcuURosB1xyHDIfWeC/iW4=
github.com/fsnotify/fsnotify v1.8.0 h1:dAwr6QBTBZIkG8roQaJjGof0pp0EeF+tNV7YBP3F/8M=
github.com/fsnotify/fsnotify v1.8.0/go.mod h1:8jBTzvmWwFyi3Pb8djgCCO5IBqzKJ/Jwo8TRcHyHii0=
github.com/fyne-io/gl-js v0.1.0 h1:8luJzNs0ntEAJo+8x8kfUOXujUlP8gB3QMOxO2mUdpM=
github.com/fyne-io/gl-js v0.1.0/go.mod h1:ZcepK8vmOYLu96JoxbCKJy2ybr+g1pTnaBDdl7c3ajI=
github.com/fyne-io/glfw-js v0.2.0 h1:8GUZtN2aCoTPNqgRDxK5+kn9OURINhBEBc7M4O1KrmM=
github.com/fyne-io/glfw-js v0.2.0/go.mod h1:Ri6te7rdZtBgBpxLW19uBpp3Dl6K9K/bRaYdJ22G8Jk=
github.com/fyne-io/image v0.1.1 h1:WH0z4H7qfvNUw5l4p3bC1q70sa5+YWVt6HCj7y4VNyA=
github.com/fyne-io/image v0.1.1/go.mod h1:xrfYBh6yspc+KjkgdZU/ifUC9sPA5Iv7WYUBzQKK7JM=
github.com/gdamore/encoding v1.0.0/go.mod h1:alR0ol34c49FCSBLjhosxzcPHQbf2trDkoo5dl+VrEg=
github.com/gdamore/tcell v1.3.0/go.mod h1:Hjvr+Ofd+gLglo7RYKxxnzCBmev3BzsS67MebKS4zMM=
github.com/go-audio/audio v1.0.0/go.mod h1:6uAu0+H2lHkwdGsAY+j2wHPNPpPoeg5AaEFh9FlA+Zs=
github.com/go-audio/riff v1.0.0/go.mod h1:l3cQwc85y79NQFCRB7TiPoNiaijp6q8Z0Uv38rVG498=
github.com/go-audio/wav v1.0.0/go.mod h1:3yoReyQOsiARkvPl3ERCi8JFjihzG6WhjYpZCf5zAWE=
github.com/go-gl/gl v0.0.0-20231021071112-07e5d0ea2e71 h1:5BVwOaUSBTlVZowGO6VZGw2H/zl9nrd3eCZfYV+NfQA=
github.com/go-gl/gl v0.0.0-20231021071112-07e5d0ea2e71/go.mod h1:9YTyiznxEY1fVinfM7RvRcjRHbw2xLBJ3AAGIT0I4Nw=
github.com/go-gl/glfw/v3.3/glfw v0.0.0-20250301202403-da16c1255728 h1:RkGhqHxEVAvPM0/R+8g7XRwQnHatO0KAuVcwHo8q9W8=
github.com/go-gl/glfw/v3.3/glfw v0.0.0-20250301202403-da16c1255728/go.mod h1:SyRD8YfuKk+ZXlDqYiqe1qMSqjNgtHzBTG810KUagMc=
github.com/go-text/render v0.2.0 h1:LBYoTmp5jYiJ4NPqDc2pz17MLmA3wHw1dZSVGcOdeAc=
github.com/go-text/render v0.2.0/go.mod h1:CkiqfukRGKJA5vZZISkjSYrcdtgKQWRa2HIzvwNN5SU=
github.com/go-text/typesetting v0.3.0 h1:OWCgYpp8njoxSRpwrdd1bQOxdjOXDj9Rqart9ML4iF4=
github.com/go-text/typesetting v0.3.0/go.mod h1:qjZLkhRgOEYMhU9eHBr3AR4sfnGJvOXNLt8yRAySFuY=
github.com/go-text/typesetting-utils v0.0.0-20241103174707-87a29e9e6066 h1:qCuYC+94v2xrb1PoS4NIDe7DGYtLnU2wWiQe9a1B1c0=
github.com/go-text/typesetting-utils v0.0.0-20241103174707-87a29e9e6066/go.mod h1:DDxDdQEnB70R8owOx3LVpEFvpMK9eeH1o2r0yZhFI9o=
github.com/godbus/dbus/v5 v5.1.0 h1:4KLkAxT3aOY8Li4FRJe/KvhoNFFxo0m6fNuFUO8QJUk=
github.com/godbus/dbus/v5 v5.1.0/go.mod h1:xhWf0FNVPg57R7Z0UbKHbJfkEywrmjJnf7w5xrFpKfA=
github.com/google/pprof v0.0.0-20211214055906-6f57359322fd h1:1FjCyPC+syAzJ5/2S8fqdZK1R22vvA0J7JZKcuOIQ7Y=
github.com/google/pprof v0.0.0-20211214055906-6f57359322fd/go.mod h1:KgnwoLYCZ8IQu3XUZ8Nc/bM9CCZFOyjUNOSygVozoDg=
github.com/gookit/color v1.5.4 h1:FZmqs7XOyGgCAxmWyPslpiok1k05wmY3SJTytgvYFs0=
github.com/gookit/color v1.5.4/go.mod h1:pZJOeOS8DM43rXbp4AZo1n9zCU2qjpcRko0b6/QJi9w=
github.com/hajimehoshi/go-mp3 v0.3.0/go.mod h1:qMJj/CSDxx6CGHiZeCgbiq2DSUkbK0UbtXShQcnfyMM=
github.com/hajimehoshi/oto v0.6.1/go.mod h1:0QXGEkbuJRohbJaxr7ZQSxnju7hEhseiPx2hrh6raOI=
github.com/hajimehoshi/oto v0.7.1/go.mod h1:wovJ8WWMfFKvP587mhHgot/MBr4DnNy9m6EepeVGnos=
github.com/hajimehoshi/oto v1.0.1 h1:8AMnq0Yr2YmzaiqTg/k1Yzd6IygUGk2we9nmjgbgPn4=
github.com/hajimehoshi/oto v1.0.1/go.mod h1:wovJ8WWMfFKvP587mhHgot/MBr4DnNy9m6EepeVGnos=
github.com/icza/bitio v1.0.0/go.mod h1:0jGnlLAx8MKMr9VGnn/4YrvZiprkvBelsVIbA9Jjr9A=
github.com/icza/mighty v0.0.0-20180919140131-cfd07d671de6/go.mod h1:xQig96I1VNBDIWGCdTt54nHt6EeI639SmHycLYL7FkA=
github.com/jamesturk/go-jellyfish v0.0.0-20190821175037-81d50ddab23b h1:Neiyfj2+1A3T8Rb/kZqKjT0htCrV7E+11ug4YAIgd00=
github.com/jamesturk/go-jellyfish v0.0.0-20190821175037-81d50ddab23b/go.mod h1:NWgB486zJYWnPz6/Agaue5rNn24YE31xOSxqrdfml4E=
github.com/jeandeaual/go-locale v0.0.0-20241217141322-fcc2cadd6f08 h1:wMeVzrPO3mfHIWLZtDcSaGAe2I4PW9B/P5nMkRSwCAc=
github.com/jeandeaual/go-locale v0.0.0-20241217141322-fcc2cadd6f08/go.mod h1:ZDXo8KHryOWSIqnsb/CiDq7hQUYryCgdVnxbj8tDG7o=
github.com/jfreymuth/oggvorbis v1.0.1/go.mod h1:NqS+K+UXKje0FUYUPosyQ+XTVvjmVjps1aEZH1sumIk=
github.com/jfreymuth/oggvorbis v1.0.5 h1:u+Ck+R0eLSRhgq8WTmffYnrVtSztJcYrl588DM4e3kQ=
github.com/jfreymuth/oggvorbis v1.0.5/go.mod h1:1U4pqWmghcoVsCJJ4fRBKv9peUJMBHixthRlBeD6uII=
github.com/jfreymuth/vorbis v1.0.0/go.mod h1:8zy3lUAm9K/rJJk223RKy6vjCZTWC61NA2QD06bfOE0=
github.com/jfreymuth/vorbis v1.0.2 h1:m1xH6+ZI4thH927pgKD8JOH4eaGRm18rEE9/0WKjvNE=
github.com/jfreymuth/vorbis v1.0.2/go.mod h1:DoftRo4AznKnShRl1GxiTFCseHr4zR9BN3TWXyuzrqQ=
github.com/jirenius/taskqueue v1.2.0 h1:4PV/m+JHKx40RCWKdlcMDQrA9A5zaBHvz7mQGNpdw+g=
github.com/jirenius/taskqueue v1.2.0/go.mod h1:/x5dz4AGqzGI6FmIC+0rmbx6JBUGgJiQzb71JFy/JRg=
github.com/jsummers/gobmp v0.0.0-20230614200233-a9de23ed2e25 h1:YLvr1eE6cdCqjOe972w/cYF+FjW34v27+9Vo5106B4M=
github.com/jsummers/gobmp v0.0.0-20230614200233-a9de23ed2e25/go.mod h1:kLgvv7o6UM+0QSf0QjAse3wReFDsb9qbZJdfexWlrQw=
github.com/kr/text v0.2.0 h1:5Nx0Ya0ZqY2ygV366QzturHI13Jq95ApcVaJBhpS+AY=
github.com/kr/text v0.2.0/go.mod h1:eLer722TekiGuMkidMxC/pM04lWEeraHUUmBw8l2grE=
github.com/lindell/go-ordered-set v1.0.2 h1:YX3s7zEUMAsxXtcwawPsN7b6rndPN9+KBfwxeGdHT3I=
github.com/lindell/go-ordered-set v1.0.2/go.mod h1:a+m1byfDrTlGAmPAeYly4MbKp0c4RHzSG5pj6nvQMGA=
github.com/loov/hrtime v1.0.3 h1:LiWKU3B9skJwRPUf0Urs9+0+OE3TxdMuiRPOTwR0gcU=
github.com/loov/hrtime v1.0.3/go.mod h1:yDY3Pwv2izeY4sq7YcPX/dtLwzg5NU1AxWuWxKwd0p0=
github.com/lucasb-eyer/go-colorful v1.0.2/go.mod h1:0MS4r+7BZKSJ5mw4/S5MPN+qHFF1fYclkSPilDOKW0s=
github.com/lucasb-eyer/go-colorful v1.2.0 h1:1nnpGOrhyZZuNyfu1QjKiUICQ74+3FNCN69Aj6K7nkY=
github.com/lucasb-eyer/go-colorful v1.2.0/go.mod h1:R4dSotOR9KMtayYi1e77YzuveK+i7ruzyGqttikkLy0=
github.com/mattn/go-runewidth v0.0.4/go.mod h1:LwmH8dsx7+W8Uxz3IHJYH5QSwggIsqBzpuz5H//U1FU=
github.com/mattn/go-sqlite3 v1.14.27 h1:drZCnuvf37yPfs95E5jd9s3XhdVWLal+6BOK6qrv6IU=
github.com/mattn/go-sqlite3 v1.14.27/go.mod h1:Uh1q+B4BYcTPb+yiD3kU8Ct7aC0hY9fxUwlHK0RXw+Y=
github.com/mewkiz/flac v1.0.7/go.mod h1:yU74UH277dBUpqxPouHSQIar3G1X/QIclVbFahSd1pU=
github.com/mewkiz/pkg v0.0.0-20190919212034-518ade7978e2/go.mod h1:3E2FUC/qYUfM8+r9zAwpeHJzqRVVMIYnpzD/clwWxyA=
github.com/nfnt/resize v0.0.0-20180221191011-83c6a9932646 h1:zYyBkD/k9seD2A7fsi6Oo2LfFZAehjjQMERAvZLEDnQ=
github.com/nfnt/resize v0.0.0-20180221191011-83c6a9932646/go.mod h1:jpp1/29i3P1S/RLdc7JQKbRpFeM1dOBd8T9ki5s+AY8=
github.com/nicksnyder/go-i18n/v2 v2.5.1 h1:IxtPxYsR9Gp60cGXjfuR/llTqV8aYMsC472zD0D1vHk=
github.com/nicksnyder/go-i18n/v2 v2.5.1/go.mod h1:DrhgsSDZxoAfvVrBVLXoxZn/pN5TXqaDbq7ju94viiQ=
github.com/niemeyer/pretty v0.0.0-20200227124842-a10e7caefd8e h1:fD57ERR4JtEqsWbfPhv4DMiApHyliiK5xCTNVSPiaAs=
github.com/niemeyer/pretty v0.0.0-20200227124842-a10e7caefd8e/go.mod h1:zD1mROLANZcx1PVRCS0qkT7pwLkGfwJo4zjcN/Tysno=
github.com/nukata/goarith v0.3.0 h1:pN35k2IrPTFUPdwsj3wPV6x+stsNhEKhmWYkKPPCktw=
github.com/nukata/goarith v0.3.0/go.mod h1:yoyUvSZi0V+6o8F1Kopk96LaxvQ0OPtFAse+P/NVy/w=
github.com/phrozen/blend v0.0.0-20210220204729-f26b6cf7a28e h1:r8tWFp1HMiodzOwFtEVZ41Q0PuX/G5PWHZS14kAQMoI=
github.com/phrozen/blend v0.0.0-20210220204729-f26b6cf7a28e/go.mod h1:8LjAsvtcQgvNmMQZ/iSuduOKYgRA37KcsgPg8ZC6Krc=
github.com/pkg/errors v0.8.1/go.mod h1:bwawxfHBFNV+L2hUp1rHADufV3IMtnDRdf1r5NINEl0=
github.com/pkg/errors v0.9.1 h1:FEBLx1zS214owpjy7qsBeixbURkuhQAwrK5UwLGTwt4=
github.com/pkg/errors v0.9.1/go.mod h1:bwawxfHBFNV+L2hUp1rHADufV3IMtnDRdf1r5NINEl0=
github.com/pkg/profile v1.7.0 h1:hnbDkaNWPCLMO9wGLdBFTIZvzDrDfBM2072E1S9gJkA=
github.com/pkg/profile v1.7.0/go.mod h1:8Uer0jas47ZQMJ7VD+OHknK4YDY07LPUC6dEvqDjvNo=
github.com/pmezard/go-difflib v1.0.0 h1:4DBwDE0NGyQoBHbLQYPwSUPoCMWR5BEzIk/f1lZbAQM=
github.com/pmezard/go-difflib v1.0.0/go.mod h1:iKH77koFhYxTK1pcRnkKkqfTogsbg7gZNVY4sRDYZ/4=
github.com/rasteric/hooks v0.0.6 h1:9QTpz7EHD1WDvfcgdlWtjsH8mVFW5rnVvMN1DvGwbf8=
github.com/rasteric/hooks v0.0.6/go.mod h1:cID35ExaX09Fd4QtTK91R+4BgZjBNgloNgg55q4saxc=
github.com/rasteric/zedit-fyne v0.0.0-20240729160120-1b95614fed2b h1:f4JHoNauMc/LkSQO5lzUMkqURvShigNb/S++F3VFYC0=
github.com/rasteric/zedit-fyne v0.0.0-20240729160120-1b95614fed2b/go.mod h1:SWCX2eQwuapFcJmalmKHHwxFuSEXeJlm9ZjGLdkrgGA=
github.com/rdleal/intervalst v1.4.1 h1:8rCuAea0aj3Z6cDSeN3Q3c+LZjmHmrqZhXrJbqfPw0c=
github.com/rdleal/intervalst v1.4.1/go.mod h1:xO89Z6BC+LQDH+IPQQw/OESt5UADgFD41tYMUINGpxQ=
github.com/rymdport/portal v0.4.1 h1:2dnZhjf5uEaeDjeF/yBIeeRo6pNI2QAKm7kq1w/kbnA=
github.com/rymdport/portal v0.4.1/go.mod h1:kFF4jslnJ8pD5uCi17brj/ODlfIidOxlgUDTO5ncnC4=
github.com/shopspring/decimal v1.4.0 h1:bxl37RwXBklmTi0C79JfXCEBD1cqqHt0bbgBAGFp81k=
github.com/shopspring/decimal v1.4.0/go.mod h1:gawqmDU56v4yIKSwfBSFip1HdCCXN8/+DMd9qYNcwME=
github.com/srwiley/oksvg v0.0.0-20221011165216-be6e8873101c h1:km8GpoQut05eY3GiYWEedbTT0qnSxrCjsVbb7yKY1KE=
github.com/srwiley/oksvg v0.0.0-20221011165216-be6e8873101c/go.mod h1:cNQ3dwVJtS5Hmnjxy6AgTPd0Inb3pW05ftPSX7NZO7Q=
github.com/srwiley/rasterx v0.0.0-20220730225603-2ab79fcdd4ef h1:Ch6Q+AZUxDBCVqdkI8FSpFyZDtCVBc2VmejdNrm5rRQ=
github.com/srwiley/rasterx v0.0.0-20220730225603-2ab79fcdd4ef/go.mod h1:nXTWP6+gD5+LUJ8krVhhoeHjvHTutPxMYl5SvkcnJNE=
github.com/stretchr/testify v1.10.0 h1:Xv5erBjTwe/5IxqUQTdXv5kgmIvbHo3QQyRwhJsOfJA=
github.com/stretchr/testify v1.10.0/go.mod h1:r2ic/lqez/lEtzL7wO/rwa5dbSLXVDPFyf8C91i36aY=
github.com/teris-io/shortid v0.0.0-20220617161101-71ec9f2aa569 h1:xzABM9let0HLLqFypcxvLmlvEciCHL7+Lv+4vwZqecI=
github.com/teris-io/shortid v0.0.0-20220617161101-71ec9f2aa569/go.mod h1:2Ly+NIftZN4de9zRmENdYbvPQeaVIYKWpLFStLFEBgI=
github.com/xo/terminfo v0.0.0-20220910002029-abceb7e1c41e h1:JVG44RsyaB9T2KIHavMF/ppJZNG9ZpyihvCd0w101no=
github.com/xo/terminfo v0.0.0-20220910002029-abceb7e1c41e/go.mod h1:RbqR21r5mrJuqunuUZ/Dhy/avygyECGrLceyNeo4LiM=
github.com/yuin/goldmark v1.7.8 h1:iERMLn0/QJeHFhxSt3p6PeN9mGnvIKSpG9YYorDMnic=
github.com/yuin/goldmark v1.7.8/go.mod h1:uzxRWxtg69N339t3louHJ7+O03ezfj6PlliRlaOzY1E=
golang.org/x/crypto v0.36.0 h1:AnAEvhDddvBdpY+uR+MyHmuZzzNqXSe/GvuDeob5L34=
golang.org/x/crypto v0.36.0/go.mod h1:Y4J0ReaxCR1IMaabaSMugxJES1EpwhBHhv2bDHklZvc=
golang.org/x/exp v0.0.0-20190306152737-a1d7652674e8/go.mod h1:CJ0aWSM057203Lf6IL+f9T1iT9GByDxfZKAQTCR3kQA=
golang.org/x/exp v0.0.0-20250305212735-054e65f0b394 h1:nDVHiLt8aIbd/VzvPWN6kSOPE7+F/fNFDSXLVYkE/Iw=
golang.org/x/exp v0.0.0-20250305212735-054e65f0b394/go.mod h1:sIifuuw/Yco/y6yb6+bDNfyeQ/MdPUy/hKEMYQV17cM=
golang.org/x/exp/shiny v0.0.0-20250305212735-054e65f0b394 h1:bFYqOIMdeiCEdzPJkLiOoMDzW/v3tjW4AA/RmUZYsL8=
golang.org/x/exp/shiny v0.0.0-20250305212735-054e65f0b394/go.mod h1:ygj7T6vSGhhm/9yTpOQQNvuAUFziTH7RUiH74EoE2C8=
golang.org/x/image v0.0.0-20190220214146-31aff87c08e9/go.mod h1:kZ7UVZpmo3dzQBMxlp+ypCbDeSB+sBbTgSJuh5dn5js=
golang.org/x/image v0.0.0-20190227222117-0694c2d4d067/go.mod h1:kZ7UVZpmo3dzQBMxlp+ypCbDeSB+sBbTgSJuh5dn5js=
golang.org/x/image v0.25.0 h1:Y6uW6rH1y5y/LK1J8BPWZtr6yZ7hrsy6hFrXjgsc2fQ=
golang.org/x/image v0.25.0/go.mod h1:tCAmOEGthTtkalusGp1g3xa2gke8J6c2N565dTyl9Rs=
golang.org/x/mobile v0.0.0-20190415191353-3e0bab5405d6/go.mod h1:E/iHnbuqvinMTCcRqshq8CkpyQDoeVncDDYHnLhea+o=
golang.org/x/mobile v0.0.0-20250305212854-3a7bc9f8a4de h1:WuckfUoaRGJfaQTPZvlmcaQwg4Xj9oS2cvvh3dUqpDo=
golang.org/x/mobile v0.0.0-20250305212854-3a7bc9f8a4de/go.mod h1:/IZuixag1ELW37+FftdmIt59/3esqpAWM/QqWtf7HUI=
golang.org/x/mod v0.24.0 h1:ZfthKaKaT4NrhGVZHO1/WDTwGES4De8KtWO0SIbNJMU=
golang.org/x/mod v0.24.0/go.mod h1:IXM97Txy2VM4PJ3gI61r1YEk/gAj6zAHN3AdZt6S9Ww=
golang.org/x/net v0.0.0-20190213061140-3a22650c66bd/go.mod h1:mL1N/T3taQHkDXs73rZJwtUhF3w3ftmwwsq0BUmARs4=
golang.org/x/net v0.38.0 h1:vRMAPTMaeGqVhG5QyLJHqNDwecKTomGeqbnfZyKlBI8=
golang.org/x/net v0.38.0/go.mod h1:ivrbrMbzFq5J41QOQh0siUuly180yBYtLp+CKbEaFx8=
golang.org/x/sys v0.0.0-20190312061237-fead79001313/go.mod h1:h1NjWce9XRLGQEsW7wpKNCjG9DtNlClVuFLEZdDNbEs=
golang.org/x/sys v0.0.0-20190429190828-d89cdac9e872/go.mod h1:h1NjWce9XRLGQEsW7wpKNCjG9DtNlClVuFLEZdDNbEs=
golang.org/x/sys v0.0.0-20190626150813-e07cf5db2756/go.mod h1:h1NjWce9XRLGQEsW7wpKNCjG9DtNlClVuFLEZdDNbEs=
golang.org/x/sys v0.31.0 h1:ioabZlmFYtWhL+TRYpcnNlLwhyxaM9kWTDEmfnprqik=
golang.org/x/sys v0.31.0/go.mod h1:BJP2sWEmIv4KK5OTEluFJCKSidICx8ciO85XgH3Ak8k=
golang.org/x/text v0.3.0/go.mod h1:NqM8EUOU14njkJ3fqMW+pc6Ldnwhi/IjpwHt7yyuwOQ=
golang.org/x/text v0.23.0 h1:D71I7dUrlY+VX0gQShAThNGHFxZ13dGLBHQLVl1mJlY=
golang.org/x/text v0.23.0/go.mod h1:/BLNzu4aZCJ1+kcD0DNRotWKage4q2rGVAg4o22unh4=
gopkg.in/check.v1 v0.0.0-20161208181325-20d25e280405/go.mod h1:Co6ibVJAznAaIkqp8huTwlJQCZ016jof/cbN4VW5Yz0=
gopkg.in/check.v1 v1.0.0-20200227125254-8fa46927fb4f h1:BLraFXnmrev5lT+xlilqcH8XK9/i0At2xKjWk4p6zsU=
gopkg.in/check.v1 v1.0.0-20200227125254-8fa46927fb4f/go.mod h1:Co6ibVJAznAaIkqp8huTwlJQCZ016jof/cbN4VW5Yz0=
gopkg.in/yaml.v3 v3.0.1 h1:fxVm/GzAzEWqLHuvctI91KS9hhNmmWOoWu0XTYJS7CA=
gopkg.in/yaml.v3 v3.0.1/go.mod h1:K4uyk7z7BCEPqu6E+C64Yfv1cQ7kz7rIZviUmN+EgEM=
